PODS:
  - Alamofire (4.9.1)
  - KeychainSwift (19.0.0)
  - SDWebImage (4.4.8):
    - SDWebImage/Core (= 4.4.8)
  - SDWebImage/Core (4.4.8)
  - SwiftyJSON (5.0.0)

DEPENDENCIES:
  - Alamofire
  - KeychainSwift (~> 19.0)
  - SDWebImage (~> 4.0)
  - SwiftyJSON

SPEC REPOS:
  trunk:
    - Alamofire
    - KeychainSwift
    - SDWebImage
    - SwiftyJSON

SPEC CHECKSUMS:
  Alamofire: 85e8a02c69d6020a0d734f6054870d7ecb75cf18
  KeychainSwift: a06190cf933ad46b1e0abc3d77d29c06331715c7
  SDWebImage: 783af2c3fa36291a250030c4752ee370a9a51d13
  SwiftyJSON: 36413e04c44ee145039d332b4f4e2d3e8d6c4db7

PODFILE CHECKSUM: 05f1f3fd5574e27fd4db48d3daf4cdbf28a32495

COCOAPODS: 1.9.3
